dependencies:
- name: cluster
  repository: https://cloudnative-pg.github.io/charts
  version: 0.6.0
- name: clickhouse
  repository: https://helm.altinity.com/
  version: 0.3.9
digest: sha256:4f3f7cb03cb30b594f7f3b128ae91095473646c81557532cc641cf204fe2d012
generated: "2026-04-18T00:40:54.997310654+02:00"
