dependencies:
  - name: cluster
    repository: https://cloudnative-pg.github.io/charts
    version: 0.6.0
  - name: clickhouse
    repository: https://helm.altinity.com/
    version: 0.3.9
digest: sha256:133ce624c878cd7dc7121ca96116b64b75ea8ebc70ec392f0a1978f5fbc2a2a0
generated: "2026-02-27T20:32:40.398466384-03:00"
